schema: '2.0'
stages:
  extract:
    cmd: python src/dvc_extractor.py
    deps:
    - path: src/dvc_extractor.py
      hash: md5
      md5: 533d3857fb506c310730f7900a366837
      size: 470
    outs:
    - path: data/bcb_real2dolar_stage.parquet
      hash: md5
      md5: 039300269671bc9145c7564d05b90170
      size: 1106
    - path: data/bcb_selic_input.parquet
      hash: md5
      md5: e09b54619de89704060acf93bab353fd
      size: 13651
    - path: data/brinvesting_news_stage.parquet
      hash: md5
      md5: a7bc82d12c74b75e8fdb036c9ec54c9b
      size: 6132
  transform:
    cmd: python src/dvc_transformer.py data/bcb_selic_input.parquet
    deps:
    - path: data/bcb_selic_input.parquet
      hash: md5
      md5: e09b54619de89704060acf93bab353fd
      size: 13651
    - path: src/dvc_transformer.py
      hash: md5
      md5: 8e937aef10bc621950901ef24927c591
      size: 324
    outs:
    - path: data/bcb_selic_stage.parquet
      hash: md5
      md5: 8e3dc8c3cdce40718131bce51eda5ba4
      size: 1551
  load:
    cmd: python src/dvc_loader.py data/brinvesting_news_stage.parquet 
      data/bcb_real2dolar_stage.parquet data/bcb_selic_stage.parquet
    deps:
    - path: data/bcb_real2dolar_stage.parquet
      hash: md5
      md5: 039300269671bc9145c7564d05b90170
      size: 1106
    - path: data/bcb_selic_stage.parquet
      hash: md5
      md5: 8e3dc8c3cdce40718131bce51eda5ba4
      size: 1551
    - path: data/brinvesting_news_stage.parquet
      hash: md5
      md5: a7bc82d12c74b75e8fdb036c9ec54c9b
      size: 6132
    - path: src/dvc_loader.py
      hash: md5
      md5: b55f7136e5eb32aa932cac89a8f37058
      size: 314
